
Microsoft Visual Studio Solution File, Format Version 12.00
# Visual Studio Express 2013 for Web
VisualStudioVersion = 12.0.21005.1
MinimumVisualStudioVersion = 10.0.40219.1
Project("{FAE04EC0-301F-11D3-BF4B-00C04F79EFBC}") = "aplLojaVirtualNew.Dominio", "aplLojaVirtualNew.Dominio\aplLojaVirtualNew.Dominio.csproj", "{7E4174F1-03E4-41A4-B159-BBFA50C48468}"
EndProject
Project("{FAE04EC0-301F-11D3-BF4B-00C04F79EFBC}") = "aplLojaVirtualNew.UnitTest", "aplLojaVirtualNew.UnitTest\aplLojaVirtualNew.UnitTest.csproj", "{2F5DA8D0-5A78-4875-8B7E-4AE31A20A83A}"
EndProject
Project("{FAE04EC0-301F-11D3-BF4B-00C04F79EFBC}") = "aplLojaVirtualNew.Web", "aplLojaVirtualNew.Web\aplLojaVirtualNew.Web.csproj", "{5FCF9860-88B4-4DF4-9B79-B3DB1A241771}"
EndProject
Global
	GlobalSection(SolutionConfigurationPlatforms) = preSolution
		Debug|Any CPU = Debug|Any CPU
		Release|Any CPU = Release|Any CPU
	EndGlobalSection
	GlobalSection(ProjectConfigurationPlatforms) = postSolution
		{7E4174F1-03E4-41A4-B159-BBFA50C48468}.Debug|Any CPU.ActiveCfg = Debug|Any CPU
		{7E4174F1-03E4-41A4-B159-BBFA50C48468}.Debug|Any CPU.Build.0 = Debug|Any CPU
		{7E4174F1-03E4-41A4-B159-BBFA50C48468}.Release|Any CPU.ActiveCfg = Release|Any CPU
		{7E4174F1-03E4-41A4-B159-BBFA50C48468}.Release|Any CPU.Build.0 = Release|Any CPU
		{2F5DA8D0-5A78-4875-8B7E-4AE31A20A83A}.Debug|Any CPU.ActiveCfg = Debug|Any CPU
		{2F5DA8D0-5A78-4875-8B7E-4AE31A20A83A}.Debug|Any CPU.Build.0 = Debug|Any CPU
		{2F5DA8D0-5A78-4875-8B7E-4AE31A20A83A}.Release|Any CPU.ActiveCfg = Release|Any CPU
		{2F5DA8D0-5A78-4875-8B7E-4AE31A20A83A}.Release|Any CPU.Build.0 = Release|Any CPU
		{5FCF9860-88B4-4DF4-9B79-B3DB1A241771}.Debug|Any CPU.ActiveCfg = Debug|Any CPU
		{5FCF9860-88B4-4DF4-9B79-B3DB1A241771}.Debug|Any CPU.Build.0 = Debug|Any CPU
		{5FCF9860-88B4-4DF4-9B79-B3DB1A241771}.Release|Any CPU.ActiveCfg = Release|Any CPU
		{5FCF9860-88B4-4DF4-9B79-B3DB1A241771}.Release|Any CPU.Build.0 = Release|Any CPU
	EndGlobalSection
	GlobalSection(SolutionProperties) = preSolution
		HideSolutionNode = FALSE
	EndGlobalSection
EndGlobal
